version = 1
revision = 3
requires-python = ">=3.12"

[[package]]
name = "2026s-ds"
version = "0.1.0"
source = { virtual = "." }
dependencies = [
    { name = "polars" },
]

[package.metadata]
requires-dist = [{ name = "polars", specifier = ">=1.41.0" }]

[[package]]
name = "polars"
version = "1.41.0"
source = { registry = "https://pypi.org/simple" }
dependencies = [
    { name = "polars-runtime-32" },
]
sdist = { url = "https://files.pythonhosted.org/packages/a2/13/fe30b3e2f9ab54a27d82af04fb2edc51c7342cbaa88815e175769a9f5901/polars-1.41.0.tar.gz", hash = "sha256:7cb5465eb66eb868fde779bf5c41c9f2f244481d72c52133e8ed10ba64372e4f", size = 737530, upload-time = "2026-05-22T20:20:56.209Z" }
wheels = [
    { url = "https://files.pythonhosted.org/packages/c3/c8/5807714256c5f3de08593113df17f14f99417a451cb2d91530ad94785003/polars-1.41.0-py3-none-any.whl", hash = "sha256:35dcd24de88a198dc50929924f064ba12a0a0a4a3e77e116689491b4b3ab58ac", size = 832953, upload-time = "2026-05-22T20:19:30.958Z" },
]

[[package]]
name = "polars-runtime-32"
version = "1.41.0"
source = { registry = "https://pypi.org/simple" }
sdist = { url = "https://files.pythonhosted.org/packages/1e/8f/30dc715ea1135b4b80397edf33fe7b1bb124850e96e38d9918e2b3d6d0b0/polars_runtime_32-1.41.0.tar.gz", hash = "sha256:37ffbe5414f14bf43bcc8e08a0386c97c692e3fd4e87af74529d7f14b1b2d1cb", size = 2985826, upload-time = "2026-05-22T20:20:57.622Z" }
wheels = [
    { url = "https://files.pythonhosted.org/packages/5f/e7/9d1630d666eca6a67e2096c0ed2c0e18f1355fe440043fd0830de1b71ab6/polars_runtime_32-1.41.0-cp310-abi3-macosx_10_12_x86_64.whl", hash = "sha256:766b60c74550382731b604ed62a385a8403b341bf18282d3fd2f746fa3c4cafd", size = 52163350, upload-time = "2026-05-22T20:19:34.431Z" },
    { url = "https://files.pythonhosted.org/packages/11/b3/01538d51cd2790729ae13c23db44bc787bdfe20867faeb1087afc390c53b/polars_runtime_32-1.41.0-cp310-abi3-macosx_11_0_arm64.whl", hash = "sha256:bee0d294daca79cedd5749e1bf3373c2d4107eb849fe544a60df6c08abc972ce", size = 46474331, upload-time = "2026-05-22T20:19:37.936Z" },
    { url = "https://files.pythonhosted.org/packages/79/29/efa82e1b3e6711f254df3793f3d3fd99f26ef1bcaffa6533266fa6522de4/polars_runtime_32-1.41.0-cp310-abi3-manylinux_2_17_aarch64.manylinux2014_aarch64.whl", hash = "sha256:08b3f915468bf00d327b4a1236935a4ec3174dcb163785fcd98185ad1319a503", size = 50358997, upload-time = "2026-05-22T20:19:42.209Z" },
    { url = "https://files.pythonhosted.org/packages/53/18/5a04b06b773047cbf43912ab802eef3c1d50ef7e66d51a41b16726f9bc62/polars_runtime_32-1.41.0-cp310-abi3-manylinux_2_17_x86_64.manylinux2014_x86_64.whl", hash = "sha256:e72269f768c57229190dba0cb5abb8a1b228e96cc6331273a77a7957576885bd", size = 56332032, upload-time = "2026-05-22T20:19:45.928Z" },
    { url = "https://files.pythonhosted.org/packages/2b/d5/d728ce7a39ea925555db7d2c9f7b5df3ca17568e483db6501783f653e0b9/polars_runtime_32-1.41.0-cp310-abi3-musllinux_1_2_aarch64.whl", hash = "sha256:1532c7560a5c0fd06943080ee42aade721f186becdfbb1baafa622e3199c3b62", size = 50529017, upload-time = "2026-05-22T20:19:49.489Z" },
    { url = "https://files.pythonhosted.org/packages/0b/92/6b2092dfed4278f636499217767204fce19ed72695690e2c4eba99e2892e/polars_runtime_32-1.41.0-cp310-abi3-musllinux_1_2_x86_64.whl", hash = "sha256:43368d8a754ee274f1e1099a7c09aae59cd69d22b8a6f83c0f782a00cd3a6662", size = 54244707, upload-time = "2026-05-22T20:19:52.852Z" },
    { url = "https://files.pythonhosted.org/packages/4b/6e/46b43be0f5becbef65843f438de3950ac6f8d0fa0008d7de0025eed00097/polars_runtime_32-1.41.0-cp310-abi3-win_amd64.whl", hash = "sha256:a9bd6095ecadc6799d166b9e8f7183a7ca8ba0a5aef8a426ec41df8ed8b09df7", size = 51918379, upload-time = "2026-05-22T20:19:55.832Z" },
    { url = "https://files.pythonhosted.org/packages/a3/da/30f15f0c3959b70e7a6583eccd37140a30b5c643ca374792d150b3a357df/polars_runtime_32-1.41.0-cp310-abi3-win_arm64.whl", hash = "sha256:ed922400f0eb393345fd7b6874b150eb943af2b816297a3dde03735cb5f3de08", size = 45921961, upload-time = "2026-05-22T20:19:59.525Z" },
]
